{
  "name": "web_card",
  "lockfileVersion": 3,
  "requires": true,
  "packages": {
    "": {
      "dependencies": {
        "@fortawesome/fontawesome-free": "^6.4.2",
        "nord": "^0.2.1"
      }
    },
    "node_modules/@fortawesome/fontawesome-free": {
      "version": "6.4.2",
      "resolved": "https://registry.npmjs.org/@fortawesome/fontawesome-free/-/fontawesome-free-6.4.2.tgz",
      "integrity": "sha512-m5cPn3e2+FDCOgi1mz0RexTUvvQibBebOUlUlW0+YrMjDTPkiJ6VTKukA1GRsvRw+12KyJndNjj0O4AgTxm2Pg==",
      "hasInstallScript": true,
      "engines": {
        "node": ">=6"
      }
    },
    "node_modules/nord": {
      "version": "0.2.1",
      "resolved": "https://registry.npmjs.org/nord/-/nord-0.2.1.tgz",
      "integrity": "sha512-/AD7JGJbcp1pB5XwYkJyivqdeXofUP5u2lkif6vLGLc+SsV9OCC0JFNpVwM5pqHuFqbyojRt6xILuidJOwwJDQ=="
    }
  }
}
